
Microsoft Visual Studio Solution File, Format Version 12.00
# Visual Studio Version 17
VisualStudioVersion = 17.7.34009.444
MinimumVisualStudioVersion = 10.0.40219.1
Project("{FAE04EC0-301F-11D3-BF4B-00C04F79EFBC}") = "Grade Calculator Program", "Grade Calculator Program.csproj", "{8FA521A8-493F-4605-BCD9-EAA72E578AF4}"
EndProject
Global
	GlobalSection(SolutionConfigurationPlatforms) = preSolution
		Debug|Any CPU = Debug|Any CPU
		Release|Any CPU = Release|Any CPU
	EndGlobalSection
	GlobalSection(ProjectConfigurationPlatforms) = postSolution
		{8FA521A8-493F-4605-BCD9-EAA72E578AF4}.Debug|Any CPU.ActiveCfg = Debug|Any CPU
		{8FA521A8-493F-4605-BCD9-EAA72E578AF4}.Debug|Any CPU.Build.0 = Debug|Any CPU
		{8FA521A8-493F-4605-BCD9-EAA72E578AF4}.Release|Any CPU.ActiveCfg = Release|Any CPU
		{8FA521A8-493F-4605-BCD9-EAA72E578AF4}.Release|Any CPU.Build.0 = Release|Any CPU
	EndGlobalSection
	GlobalSection(SolutionProperties) = preSolution
		HideSolutionNode = FALSE
	EndGlobalSection
	GlobalSection(ExtensibilityGlobals) = postSolution
		SolutionGuid = {7894DF6E-F91C-4B4D-9374-0CAAB1013E23}
	EndGlobalSection
EndGlobal
